
Microsoft Visual Studio Solution File, Format Version 12.00
# Visual Studio Version 17
VisualStudioVersion = 17.0.31912.275
MinimumVisualStudioVersion = 10.0.40219.1
Project("{2150E333-8FDC-42A3-9474-1A3956D46DE8}") = "Services", "Services", "{1B8B61AE-67FB-4617-8B35-1D35AFF20DE2}"
EndProject
Project("{2150E333-8FDC-42A3-9474-1A3956D46DE8}") = "Catalog", "Catalog", "{9F52E99E-4DBC-40C8-AA50-31463EBA46FD}"
EndProject
Project("{9A19103F-16F7-4668-BE54-9A1E7A4F7556}") = "Catalog.API", "Services\Catalog\Catalog.API\Catalog.API.csproj", "{93607BF2-EC1C-4C94-8459-705EF75594B9}"
EndProject
Project("{E53339B2-1760-4266-BCC7-CA923CBCF16C}") = "docker-compose", "docker-compose.dcproj", "{63D03029-92A9-4A94-94F6-EAE021C67628}"
EndProject
Project("{2150E333-8FDC-42A3-9474-1A3956D46DE8}") = "Basket", "Basket", "{F04E5694-87F7-4A74-9B0A-0C2B8B3275FC}"
EndProject
Project("{9A19103F-16F7-4668-BE54-9A1E7A4F7556}") = "Basket.API", "Services\Basket\Basket.API\Basket.API.csproj", "{99C8E55F-E533-47E9-870C-C67B2B19289E}"
EndProject
Project("{2150E333-8FDC-42A3-9474-1A3956D46DE8}") = "Discount", "Discount", "{C895679F-543B-46AA-94FB-58528574A9D9}"
EndProject
Project("{9A19103F-16F7-4668-BE54-9A1E7A4F7556}") = "Discount.API", "Services\Discount\Discount.API\Discount.API.csproj", "{B158CCC7-83F0-4B17-A0BE-E4E139C0A068}"
EndProject
Project("{9A19103F-16F7-4668-BE54-9A1E7A4F7556}") = "Discount.Grpc", "Services\Discount\Discount.Grpc\Discount.Grpc.csproj", "{AA05B810-F3AE-4454-BEB6-0D28F8A6F7C7}"
EndProject
Project("{2150E333-8FDC-42A3-9474-1A3956D46DE8}") = "Ordering", "Ordering", "{A88F8D12-A9DE-4AC6-B6AC-806ACCD2A931}"
EndProject
Project("{9A19103F-16F7-4668-BE54-9A1E7A4F7556}") = "Ordering.API", "Services\Ordering\Ordering.API\Ordering.API.csproj", "{6AE90535-1D0C-4AC9-A454-58049D7BB741}"
EndProject
Project("{9A19103F-16F7-4668-BE54-9A1E7A4F7556}") = "Ordering.Domain", "Services\Ordering\Ordering.Domain\Ordering.Domain.csproj", "{B0BD7E36-4C5E-42A6-ADA2-1833FE669B82}"
EndProject
Project("{9A19103F-16F7-4668-BE54-9A1E7A4F7556}") = "Ordering.Application", "Services\Ordering\Ordering.Application\Ordering.Application.csproj", "{5C4AE494-0C64-4A75-AE31-84BB87070B04}"
EndProject
Project("{9A19103F-16F7-4668-BE54-9A1E7A4F7556}") = "Ordering.Infrastructure", "Services\Ordering\Ordering.Infrastructure\Ordering.Infrastructure.csproj", "{C15912FC-1ADE-4F5F-8B19-84683F068A8F}"
EndProject
Project("{2150E333-8FDC-42A3-9474-1A3956D46DE8}") = "BuildingBlocks", "BuildingBlocks", "{28DFF0A4-910A-46C3-AB30-1CCB9A40E81F}"
EndProject
Project("{9A19103F-16F7-4668-BE54-9A1E7A4F7556}") = "EventBus.Messages", "BuildingBlocks\EventBus.Messages\EventBus.Messages.csproj", "{DEBC57AB-FEE5-4756-B7B6-9A3F50D37C97}"
EndProject
Project("{2150E333-8FDC-42A3-9474-1A3956D46DE8}") = "ApiGateways", "ApiGateways", "{58565CF5-B5D7-4BF9-BB9C-0DF385717BCB}"
EndProject
Project("{FAE04EC0-301F-11D3-BF4B-00C04F79EFBC}") = "OcelotApiGw", "ApiGateways\OcelotApiGw\OcelotApiGw.csproj", "{130883E4-EC49-4163-B30E-32226C0C56BA}"
EndProject
Global
	GlobalSection(SolutionConfigurationPlatforms) = preSolution
		Debug|Any CPU = Debug|Any CPU
		Release|Any CPU = Release|Any CPU
	EndGlobalSection
	GlobalSection(ProjectConfigurationPlatforms) = postSolution
		{93607BF2-EC1C-4C94-8459-705EF75594B9}.Debug|Any CPU.ActiveCfg = Debug|Any CPU
		{93607BF2-EC1C-4C94-8459-705EF75594B9}.Debug|Any CPU.Build.0 = Debug|Any CPU
		{93607BF2-EC1C-4C94-8459-705EF75594B9}.Release|Any CPU.ActiveCfg = Release|Any CPU
		{93607BF2-EC1C-4C94-8459-705EF75594B9}.Release|Any CPU.Build.0 = Release|Any CPU
		{63D03029-92A9-4A94-94F6-EAE021C67628}.Debug|Any CPU.ActiveCfg = Debug|Any CPU
		{63D03029-92A9-4A94-94F6-EAE021C67628}.Debug|Any CPU.Build.0 = Debug|Any CPU
		{63D03029-92A9-4A94-94F6-EAE021C67628}.Release|Any CPU.ActiveCfg = Release|Any CPU
		{63D03029-92A9-4A94-94F6-EAE021C67628}.Release|Any CPU.Build.0 = Release|Any CPU
		{99C8E55F-E533-47E9-870C-C67B2B19289E}.Debug|Any CPU.ActiveCfg = Debug|Any CPU
		{99C8E55F-E533-47E9-870C-C67B2B19289E}.Debug|Any CPU.Build.0 = Debug|Any CPU
		{99C8E55F-E533-47E9-870C-C67B2B19289E}.Release|Any CPU.ActiveCfg = Release|Any CPU
		{99C8E55F-E533-47E9-870C-C67B2B19289E}.Release|Any CPU.Build.0 = Release|Any CPU
		{B158CCC7-83F0-4B17-A0BE-E4E139C0A068}.Debug|Any CPU.ActiveCfg = Debug|Any CPU
		{B158CCC7-83F0-4B17-A0BE-E4E139C0A068}.Debug|Any CPU.Build.0 = Debug|Any CPU
		{B158CCC7-83F0-4B17-A0BE-E4E139C0A068}.Release|Any CPU.ActiveCfg = Release|Any CPU
		{B158CCC7-83F0-4B17-A0BE-E4E139C0A068}.Release|Any CPU.Build.0 = Release|Any CPU
		{AA05B810-F3AE-4454-BEB6-0D28F8A6F7C7}.Debug|Any CPU.ActiveCfg = Debug|Any CPU
		{AA05B810-F3AE-4454-BEB6-0D28F8A6F7C7}.Debug|Any CPU.Build.0 = Debug|Any CPU
		{AA05B810-F3AE-4454-BEB6-0D28F8A6F7C7}.Release|Any CPU.ActiveCfg = Release|Any CPU
		{AA05B810-F3AE-4454-BEB6-0D28F8A6F7C7}.Release|Any CPU.Build.0 = Release|Any CPU
		{6AE90535-1D0C-4AC9-A454-58049D7BB741}.Debug|Any CPU.ActiveCfg = Debug|Any CPU
		{6AE90535-1D0C-4AC9-A454-58049D7BB741}.Debug|Any CPU.Build.0 = Debug|Any CPU
		{6AE90535-1D0C-4AC9-A454-58049D7BB741}.Release|Any CPU.ActiveCfg = Release|Any CPU
		{6AE90535-1D0C-4AC9-A454-58049D7BB741}.Release|Any CPU.Build.0 = Release|Any CPU
		{B0BD7E36-4C5E-42A6-ADA2-1833FE669B82}.Debug|Any CPU.ActiveCfg = Debug|Any CPU
		{B0BD7E36-4C5E-42A6-ADA2-1833FE669B82}.Debug|Any CPU.Build.0 = Debug|Any CPU
		{B0BD7E36-4C5E-42A6-ADA2-1833FE669B82}.Release|Any CPU.ActiveCfg = Release|Any CPU
		{B0BD7E36-4C5E-42A6-ADA2-1833FE669B82}.Release|Any CPU.Build.0 = Release|Any CPU
		{5C4AE494-0C64-4A75-AE31-84BB87070B04}.Debug|Any CPU.ActiveCfg = Debug|Any CPU
		{5C4AE494-0C64-4A75-AE31-84BB87070B04}.Debug|Any CPU.Build.0 = Debug|Any CPU
		{5C4AE494-0C64-4A75-AE31-84BB87070B04}.Release|Any CPU.ActiveCfg = Release|Any CPU
		{5C4AE494-0C64-4A75-AE31-84BB87070B04}.Release|Any CPU.Build.0 = Release|Any CPU
		{C15912FC-1ADE-4F5F-8B19-84683F068A8F}.Debug|Any CPU.ActiveCfg = Debug|Any CPU
		{C15912FC-1ADE-4F5F-8B19-84683F068A8F}.Debug|Any CPU.Build.0 = Debug|Any CPU
		{C15912FC-1ADE-4F5F-8B19-84683F068A8F}.Release|Any CPU.ActiveCfg = Release|Any CPU
		{C15912FC-1ADE-4F5F-8B19-84683F068A8F}.Release|Any CPU.Build.0 = Release|Any CPU
		{DEBC57AB-FEE5-4756-B7B6-9A3F50D37C97}.Debug|Any CPU.ActiveCfg = Debug|Any CPU
		{DEBC57AB-FEE5-4756-B7B6-9A3F50D37C97}.Debug|Any CPU.Build.0 = Debug|Any CPU
		{DEBC57AB-FEE5-4756-B7B6-9A3F50D37C97}.Release|Any CPU.ActiveCfg = Release|Any CPU
		{DEBC57AB-FEE5-4756-B7B6-9A3F50D37C97}.Release|Any CPU.Build.0 = Release|Any CPU
		{130883E4-EC49-4163-B30E-32226C0C56BA}.Debug|Any CPU.ActiveCfg = Debug|Any CPU
		{130883E4-EC49-4163-B30E-32226C0C56BA}.Debug|Any CPU.Build.0 = Debug|Any CPU
		{130883E4-EC49-4163-B30E-32226C0C56BA}.Release|Any CPU.ActiveCfg = Release|Any CPU
		{130883E4-EC49-4163-B30E-32226C0C56BA}.Release|Any CPU.Build.0 = Release|Any CPU
	EndGlobalSection
	GlobalSection(SolutionProperties) = preSolution
		HideSolutionNode = FALSE
	EndGlobalSection
	GlobalSection(NestedProjects) = preSolution
		{9F52E99E-4DBC-40C8-AA50-31463EBA46FD} = {1B8B61AE-67FB-4617-8B35-1D35AFF20DE2}
		{93607BF2-EC1C-4C94-8459-705EF75594B9} = {9F52E99E-4DBC-40C8-AA50-31463EBA46FD}
		{F04E5694-87F7-4A74-9B0A-0C2B8B3275FC} = {1B8B61AE-67FB-4617-8B35-1D35AFF20DE2}
		{99C8E55F-E533-47E9-870C-C67B2B19289E} = {F04E5694-87F7-4A74-9B0A-0C2B8B3275FC}
		{C895679F-543B-46AA-94FB-58528574A9D9} = {1B8B61AE-67FB-4617-8B35-1D35AFF20DE2}
		{B158CCC7-83F0-4B17-A0BE-E4E139C0A068} = {C895679F-543B-46AA-94FB-58528574A9D9}
		{AA05B810-F3AE-4454-BEB6-0D28F8A6F7C7} = {C895679F-543B-46AA-94FB-58528574A9D9}
		{A88F8D12-A9DE-4AC6-B6AC-806ACCD2A931} = {1B8B61AE-67FB-4617-8B35-1D35AFF20DE2}
		{6AE90535-1D0C-4AC9-A454-58049D7BB741} = {A88F8D12-A9DE-4AC6-B6AC-806ACCD2A931}
		{B0BD7E36-4C5E-42A6-ADA2-1833FE669B82} = {A88F8D12-A9DE-4AC6-B6AC-806ACCD2A931}
		{5C4AE494-0C64-4A75-AE31-84BB87070B04} = {A88F8D12-A9DE-4AC6-B6AC-806ACCD2A931}
		{C15912FC-1ADE-4F5F-8B19-84683F068A8F} = {A88F8D12-A9DE-4AC6-B6AC-806ACCD2A931}
		{DEBC57AB-FEE5-4756-B7B6-9A3F50D37C97} = {28DFF0A4-910A-46C3-AB30-1CCB9A40E81F}
		{130883E4-EC49-4163-B30E-32226C0C56BA} = {58565CF5-B5D7-4BF9-BB9C-0DF385717BCB}
	EndGlobalSection
	GlobalSection(ExtensibilityGlobals) = postSolution
		SolutionGuid = {8BFFD802-7F91-4AC3-8178-9F6AAFEF901F}
	EndGlobalSection
EndGlobal
